// !$*UTF8*$!
{
	archiveVersion = 1;
	classes = {
	};
	objectVersion = 46;
	objects = {

/* Begin PBXBuildFile section */
		BFE80E3C1E1E7D9700EE6BBD /* AppDelegate.swift in Sources */ = {isa = PBXBuildFile; fileRef = BFE80E3B1E1E7D9700EE6BBD /* AppDelegate.swift */; };
		BFE80E3E1E1E7D9700EE6BBD /* ViewController.swift in Sources */ = {isa = PBXBuildFile; fileRef = BFE80E3D1E1E7D9700EE6BBD /* ViewController.swift */; };
		BFE80E411E1E7D9700EE6BBD /* Main.storyboard in Resources */ = {isa = PBXBuildFile; fileRef = BFE80E3F1E1E7D9700EE6BBD /* Main.storyboard */; };
		BFE80E431E1E7D9700EE6BBD /* Assets.xcassets in Resources */ = {isa = PBXBuildFile; fileRef = BFE80E421E1E7D9700EE6BBD /* Assets.xcassets */; };
		BFE80E461E1E7D9700EE6BBD /* LaunchScreen.storyboard in Resources */ = {isa = PBXBuildFile; fileRef = BFE80E441E1E7D9700EE6BBD /* LaunchScreen.storyboard */; };
/* End PBXBuildFile section */

/* Begin PBXFileReference section */
		BFE80E381E1E7D9700EE6BBD /* NewMidTerm.app */ = {isa = PBXFileReference; explicitFileType = wrapper.application; includeInIndex = 0; path = NewMidTerm.app; sourceTree = BUILT_PRODUCTS_DIR; };
		BFE80E3B1E1E7D9700EE6BBD /* AppDelegate.swift */ = {isa = PBXFileReference; lastKnownFileType = sourcecode.swift; path = AppDelegate.swift; sourceTree = "<group>"; };
		BFE80E3D1E1E7D9700EE6BBD /* ViewController.swift */ = {isa = PBXFileReference; lastKnownFileType = sourcecode.swift; path = ViewController.swift; sourceTree = "<group>"; };
		BFE80E401E1E7D9700EE6BBD /* Base */ = {isa = PBXFileReference; lastKnownFileType = file.storyboard; name = Base; path = Base.lproj/Main.storyboard; sourceTree = "<group>"; };
		BFE80E421E1E7D9700EE6BBD /* Assets.xcassets */ = {isa = PBXFileReference; lastKnownFileType = folder.assetcatalog; path = Assets.xcassets; sourceTree = "<group>"; };
		BFE80E451E1E7D9700EE6BBD /* Base */ = {isa = PBXFileReference; lastKnownFileType = file.storyboard; name = Base; path = Base.lproj/LaunchScreen.storyboard; sourceTree = "<group>"; };
		BFE80E471E1E7D9700EE6BBD /* Info.plist */ = {isa = PBXFileReference; lastKnownFileType = text.plist.xml; path = Info.plist; sourceTree = "<group>"; };
/* End PBXFileReference section */

/* Begin PBXFrameworksBuildPhase section */
		BFE80E351E1E7D9700EE6BBD /* Frameworks */ = {
			isa = PBXFrameworksBuildPhase;
			buildActionMask = 2147483647;
			files = (
			);
			runOnlyForDeploymentPostprocessing = 0;
		};
/* End PBXFrameworksBuildPhase section */

/* Begin PBXGroup section */
		BFE80E2F1E1E7D9700EE6BBD = {
			isa = PBXGroup;
			children = (
				BFE80E3A1E1E7D9700EE6BBD /* NewMidTerm */,
				BFE80E391E1E7D9700EE6BBD /* Products */,
			);
			sourceTree = "<group>";
		};
		BFE80E391E1E7D9700EE6BBD /* Products */ = {
			isa = PBXGroup;
			children = (
				BFE80E381E1E7D9700EE6BBD /* NewMidTerm.app */,
			);
			name = Products;
			sourceTree = "<group>";
		};
		BFE80E3A1E1E7D9700EE6BBD /* NewMidTerm */ = {
			isa = PBXGroup;
			children = (
				BFE80E3B1E1E7D9700EE6BBD /* AppDelegate.swift */,
				BFE80E3D1E1E7D9700EE6BBD /* ViewController.swift */,
				BFE80E3F1E1E7D9700EE6BBD /* Main.storyboard */,
				BFE80E421E1E7D9700EE6BBD /* Assets.xcassets */,
				BFE80E441E1E7D9700EE6BBD /* LaunchScreen.storyboard */,
				BFE80E471E1E7D9700EE6BBD /* Info.plist */,
			);
			path = NewMidTerm;
			sourceTree = "<group>";
		};
/* End PBXGroup section */

/* Begin PBXNativeTarget section */
		BFE80E371E1E7D9700EE6BBD /* NewMidTerm */ = {
			isa = PBXNativeTarget;
			buildConfigurationList = BFE80E4A1E1E7D9700EE6BBD /* Build configuration list for PBXNativeTarget "NewMidTerm" */;
			buildPhases = (
				BFE80E341E1E7D9700EE6BBD /* Sources */,
				BFE80E351E1E7D9700EE6BBD /* Frameworks */,
				BFE80E361E1E7D9700EE6BBD /* Resources */,
			);
			buildRules = (
			);
			dependencies = (
			);
			name = NewMidTerm;
			productName = NewMidTerm;
			productReference = BFE80E381E1E7D9700EE6BBD /* NewMidTerm.app */;
			productType = "com.apple.product-type.application";
		};
/* End PBXNativeTarget section */

/* Begin PBXProject section */
		BFE80E301E1E7D9700EE6BBD /* Project object */ = {
			isa = PBXProject;
			attributes = {
				LastSwiftUpdateCheck = 0800;
				LastUpgradeCheck = 0800;
				ORGANIZATIONNAME = BHSRam5;
				TargetAttributes = {
					BFE80E371E1E7D9700EE6BBD = {
						CreatedOnToolsVersion = 8.0;
						ProvisioningStyle = Automatic;
					};
				};
			};
			buildConfigurationList = BFE80E331E1E7D9700EE6BBD /* Build configuration list for PBXProject "NewMidTerm" */;
			compatibilityVersion = "Xcode 3.2";
			developmentRegion = English;
			hasScannedForEncodings = 0;
			knownRegions = (
				en,
				Base,
			);
			mainGroup = BFE80E2F1E1E7D9700EE6BBD;
			productRefGroup = BFE80E391E1E7D9700EE6BBD /* Products */;
			projectDirPath = "";
			projectRoot = "";
			targets = (
				BFE80E371E1E7D9700EE6BBD /* NewMidTerm */,
			);
		};
/* End PBXProject section */

/* Begin PBXResourcesBuildPhase section */
		BFE80E361E1E7D9700EE6BBD /* Resources */ = {
			isa = PBXResourcesBuildPhase;
			buildActionMask = 2147483647;
			files = (
				BFE80E461E1E7D9700EE6BBD /* LaunchScreen.storyboard in Resources */,
				BFE80E431E1E7D9700EE6BBD /* Assets.xcassets in Resources */,
				BFE80E411E1E7D9700EE6BBD /* Main.storyboard in Resources */,
			);
			runOnlyForDeploymentPostprocessing = 0;
		};
/* End PBXResourcesBuildPhase section */

/* Begin PBXSourcesBuildPhase section */
		BFE80E341E1E7D9700EE6BBD /* Sources */ = {
			isa = PBXSourcesBuildPhase;
			buildActionMask = 2147483647;
			files = (
				BFE80E3E1E1E7D9700EE6BBD /* ViewController.swift in Sources */,
				BFE80E3C1E1E7D9700EE6BBD /* AppDelegate.swift in Sources */,
			);
			runOnlyForDeploymentPostprocessing = 0;
		};
/* End PBXSourcesBuildPhase section */

/* Begin PBXVariantGroup section */
		BFE80E3F1E1E7D9700EE6BBD /* Main.storyboard */ = {
			isa = PBXVariantGroup;
			children = (
				BFE80E401E1E7D9700EE6BBD /* Base */,
			);
			name = Main.storyboard;
			sourceTree = "<group>";
		};
		BFE80E441E1E7D9700EE6BBD /* LaunchScreen.storyboard */ = {
			isa = PBXVariantGroup;
			children = (
				BFE80E451E1E7D9700EE6BBD /* Base */,
			);
			name = LaunchScreen.storyboard;
			sourceTree = "<group>";
		};
/* End PBXVariantGroup section */

/* Begin XCBuildConfiguration section */
		BFE80E481E1E7D9700EE6BBD /* Debug */ = {
			isa = XCBuildConfiguration;
			buildSettings = {
				ALWAYS_SEARCH_USER_PATHS = NO;
				CLANG_ANALYZER_NONNULL = YES;
				CLANG_CXX_LANGUAGE_STANDARD = "gnu++0x";
				CLANG_CXX_LIBRARY = "libc++";
				CLANG_ENABLE_MODULES = YES;
				CLANG_ENABLE_OBJC_ARC = YES;
				CLANG_WARN_BOOL_CONVERSION = YES;
				CLANG_WARN_CONSTANT_CONVERSION = YES;
				CLANG_WARN_DIRECT_OBJC_ISA_USAGE = YES_ERROR;
				CLANG_WARN_DOCUMENTATION_COMMENTS = YES;
				CLANG_WARN_EMPTY_BODY = YES;
				CLANG_WARN_ENUM_CONVERSION = YES;
				CLANG_WARN_INFINITE_RECURSION = YES;
				CLANG_WARN_INT_CONVERSION = YES;
				CLANG_WARN_OBJC_ROOT_CLASS = YES_ERROR;
				CLANG_WARN_SUSPICIOUS_MOVES = YES;
				CLANG_WARN_UNREACHABLE_CODE = YES;
				CLANG_WARN__DUPLICATE_METHOD_MATCH = YES;
				"CODE_SIGN_IDENTITY[sdk=iphoneos*]" = "iPhone Developer";
				COPY_PHASE_STRIP = NO;
				DEBUG_INFORMATION_FORMAT = dwarf;
				ENABLE_STRICT_OBJC_MSGSEND = YES;
				ENABLE_TESTABILITY = YES;
				GCC_C_LANGUAGE_STANDARD = gnu99;
				GCC_DYNAMIC_NO_PIC = NO;
				GCC_NO_COMMON_BLOCKS = YES;
				GCC_OPTIMIZATION_LEVEL = 0;
				GCC_PREPROCESSOR_DEFINITIONS = (
					"DEBUG=1",
					"$(inherited)",
				);
				GCC_WARN_64_TO_32_BIT_CONVERSION = YES;
				GCC_WARN_ABOUT_RETURN_TYPE = YES_ERROR;
				GCC_WARN_UNDECLARED_SELECTOR = YES;
				GCC_WARN_UNINITIALIZED_AUTOS = YES_AGGRESSIVE;
				GCC_WARN_UNUSED_FUNCTION = YES;
				GCC_WARN_UNUSED_VARIABLE = YES;
				IPHONEOS_DEPLOYMENT_TARGET = 10.0;
				MTL_ENABLE_DEBUG_INFO = YES;
				ONLY_ACTIVE_ARCH = YES;
				SDKROOT = iphoneos;
				SWIFT_ACTIVE_COMPILATION_CONDITIONS = DEBUG;
				SWIFT_OPTIMIZATION_LEVEL = "-Onone";
				TARGETED_DEVICE_FAMILY = "1,2";
			};
			name = Debug;
		};
		BFE80E491E1E7D9700EE6BBD /* Release */ = {
			isa = XCBuildConfiguration;
			buildSettings = {
				ALWAYS_SEARCH_USER_PATHS = NO;
				CLANG_ANALYZER_NONNULL = YES;
				CLANG_CXX_LANGUAGE_STANDARD = "gnu++0x";
				CLANG_CXX_LIBRARY = "libc++";
				CLANG_ENABLE_MODULES = YES;
				CLANG_ENABLE_OBJC_ARC = YES;
				CLANG_WARN_BOOL_CONVERSION = YES;
				CLANG_WARN_CONSTANT_CONVERSION = YES;
				CLANG_WARN_DIRECT_OBJC_ISA_USAGE = YES_ERROR;
				CLANG_WARN_DOCUMENTATION_COMMENTS = YES;
				CLANG_WARN_EMPTY_BODY = YES;
				CLANG_WARN_ENUM_CONVERSION = YES;
				CLANG_WARN_INFINITE_RECURSION = YES;
				CLANG_WARN_INT_CONVERSION = YES;
				CLANG_WARN_OBJC_ROOT_CLASS = YES_ERROR;
				CLANG_WARN_SUSPICIOUS_MOVES = YES;
				CLANG_WARN_UNREACHABLE_CODE = YES;
				CLANG_WARN__DUPLICATE_METHOD_MATCH = YES;
				"CODE_SIGN_IDENTITY[sdk=iphoneos*]" = "iPhone Developer";
				COPY_PHASE_STRIP = NO;
				DEBUG_INFORMATION_FORMAT = "dwarf-with-dsym";
				ENABLE_NS_ASSERTIONS = NO;
				ENABLE_STRICT_OBJC_MSGSEND = YES;
				GCC_C_LANGUAGE_STANDARD = gnu99;
				GCC_NO_COMMON_BLOCKS = YES;
				GCC_WARN_64_TO_32_BIT_CONVERSION = YES;
				GCC_WARN_ABOUT_RETURN_TYPE = YES_ERROR;
				GCC_WARN_UNDECLARED_SELECTOR = YES;
				GCC_WARN_UNINITIALIZED_AUTOS = YES_AGGRESSIVE;
				GCC_WARN_UNUSED_FUNCTION = YES;
				GCC_WARN_UNUSED_VARIABLE = YES;
				IPHONEOS_DEPLOYMENT_TARGET = 10.0;
				MTL_ENABLE_DEBUG_INFO = NO;
				SDKROOT = iphoneos;
				SWIFT_OPTIMIZATION_LEVEL = "-Owholemodule";
				TARGETED_DEVICE_FAMILY = "1,2";
				VALIDATE_PRODUCT = YES;
			};
			name = Release;
		};
		BFE80E4B1E1E7D9700EE6BBD /* Debug */ = {
			isa = XCBuildConfiguration;
			buildSettings = {
				ASSETCATALOG_COMPILER_APPICON_NAME = AppIcon;
				INFOPLIST_FILE = NewMidTerm/Info.plist;
				LD_RUNPATH_SEARCH_PATHS = "$(inherited) @executable_path/Frameworks";
				PRODUCT_BUNDLE_IDENTIFIER = badin.NewMidTerm;
				PRODUCT_NAME = "$(TARGET_NAME)";
				SWIFT_VERSION = 3.0;
			};
			name = Debug;
		};
		BFE80E4C1E1E7D9700EE6BBD /* Release */ = {
			isa = XCBuildConfiguration;
			buildSettings = {
				ASSETCATALOG_COMPILER_APPICON_NAME = AppIcon;
				INFOPLIST_FILE = NewMidTerm/Info.plist;
				LD_RUNPATH_SEARCH_PATHS = "$(inherited) @executable_path/Frameworks";
				PRODUCT_BUNDLE_IDENTIFIER = badin.NewMidTerm;
				PRODUCT_NAME = "$(TARGET_NAME)";
				SWIFT_VERSION = 3.0;
			};
			name = Release;
		};
/* End XCBuildConfiguration section */

/* Begin XCConfigurationList section */
		BFE80E331E1E7D9700EE6BBD /* Build configuration list for PBXProject "NewMidTerm" */ = {
			isa = XCConfigurationList;
			buildConfigurations = (
				BFE80E481E1E7D9700EE6BBD /* Debug */,
				BFE80E491E1E7D9700EE6BBD /* Release */,
			);
			defaultConfigurationIsVisible = 0;
			defaultConfigurationName = Release;
		};
		BFE80E4A1E1E7D9700EE6BBD /* Build configuration list for PBXNativeTarget "NewMidTerm" */ = {
			isa = XCConfigurationList;
			buildConfigurations = (
				BFE80E4B1E1E7D9700EE6BBD /* Debug */,
				BFE80E4C1E1E7D9700EE6BBD /* Release */,
			);
			defaultConfigurationIsVisible = 0;
		};
/* End XCConfigurationList section */
	};
	rootObject = BFE80E301E1E7D9700EE6BBD /* Project object */;
}
